
Microsoft Visual Studio Solution File, Format Version 12.00
# Visual Studio 15
VisualStudioVersion = 15.0.26124.0
MinimumVisualStudioVersion = 15.0.26124.0
Project("{FAE04EC0-301F-11D3-BF4B-00C04F79EFBC}") = "ColabEdit", "web-editor\CollabEdit.csproj", "{846CCD50-7C23-4A52-8B71-EE14D875F972}"
EndProject
Project("{FAE04EC0-301F-11D3-BF4B-00C04F79EFBC}") = "web-editor.test", "web-editor.test\web-editor.test.csproj", "{C5D48E3B-F5F3-472E-8503-AF80D56C0CC8}"
EndProject
Project("{FAE04EC0-301F-11D3-BF4B-00C04F79EFBC}") = "vcs-lib", "vcs-lib\vcs-lib.csproj", "{EC0ABD17-5DF5-4868-B44A-6EC5C5332C7A}"
EndProject
Project("{FAE04EC0-301F-11D3-BF4B-00C04F79EFBC}") = "vcs-lib.tests", "vcs-lib.tests\vcs-lib.tests.csproj", "{0620AFF4-967D-4351-B59F-03C934693B4A}"
EndProject
Global
	GlobalSection(SolutionConfigurationPlatforms) = preSolution
		Debug|Any CPU = Debug|Any CPU
		Debug|x64 = Debug|x64
		Debug|x86 = Debug|x86
		Release|Any CPU = Release|Any CPU
		Release|x64 = Release|x64
		Release|x86 = Release|x86
	EndGlobalSection
	GlobalSection(SolutionProperties) = preSolution
		HideSolutionNode = FALSE
	EndGlobalSection
	GlobalSection(ProjectConfigurationPlatforms) = postSolution
		{846CCD50-7C23-4A52-8B71-EE14D875F972}.Debug|Any CPU.ActiveCfg = Debug|Any CPU
		{846CCD50-7C23-4A52-8B71-EE14D875F972}.Debug|Any CPU.Build.0 = Debug|Any CPU
		{846CCD50-7C23-4A52-8B71-EE14D875F972}.Debug|x64.ActiveCfg = Debug|x64
		{846CCD50-7C23-4A52-8B71-EE14D875F972}.Debug|x64.Build.0 = Debug|x64
		{846CCD50-7C23-4A52-8B71-EE14D875F972}.Debug|x86.ActiveCfg = Debug|x86
		{846CCD50-7C23-4A52-8B71-EE14D875F972}.Debug|x86.Build.0 = Debug|x86
		{846CCD50-7C23-4A52-8B71-EE14D875F972}.Release|Any CPU.ActiveCfg = Release|Any CPU
		{846CCD50-7C23-4A52-8B71-EE14D875F972}.Release|Any CPU.Build.0 = Release|Any CPU
		{846CCD50-7C23-4A52-8B71-EE14D875F972}.Release|x64.ActiveCfg = Release|x64
		{846CCD50-7C23-4A52-8B71-EE14D875F972}.Release|x64.Build.0 = Release|x64
		{846CCD50-7C23-4A52-8B71-EE14D875F972}.Release|x86.ActiveCfg = Release|x86
		{846CCD50-7C23-4A52-8B71-EE14D875F972}.Release|x86.Build.0 = Release|x86
		{C5D48E3B-F5F3-472E-8503-AF80D56C0CC8}.Debug|Any CPU.ActiveCfg = Debug|Any CPU
		{C5D48E3B-F5F3-472E-8503-AF80D56C0CC8}.Debug|Any CPU.Build.0 = Debug|Any CPU
		{C5D48E3B-F5F3-472E-8503-AF80D56C0CC8}.Debug|x64.ActiveCfg = Debug|x64
		{C5D48E3B-F5F3-472E-8503-AF80D56C0CC8}.Debug|x64.Build.0 = Debug|x64
		{C5D48E3B-F5F3-472E-8503-AF80D56C0CC8}.Debug|x86.ActiveCfg = Debug|x86
		{C5D48E3B-F5F3-472E-8503-AF80D56C0CC8}.Debug|x86.Build.0 = Debug|x86
		{C5D48E3B-F5F3-472E-8503-AF80D56C0CC8}.Release|Any CPU.ActiveCfg = Release|Any CPU
		{C5D48E3B-F5F3-472E-8503-AF80D56C0CC8}.Release|Any CPU.Build.0 = Release|Any CPU
		{C5D48E3B-F5F3-472E-8503-AF80D56C0CC8}.Release|x64.ActiveCfg = Release|x64
		{C5D48E3B-F5F3-472E-8503-AF80D56C0CC8}.Release|x64.Build.0 = Release|x64
		{C5D48E3B-F5F3-472E-8503-AF80D56C0CC8}.Release|x86.ActiveCfg = Release|x86
		{C5D48E3B-F5F3-472E-8503-AF80D56C0CC8}.Release|x86.Build.0 = Release|x86
		{EC0ABD17-5DF5-4868-B44A-6EC5C5332C7A}.Debug|Any CPU.ActiveCfg = Debug|Any CPU
		{EC0ABD17-5DF5-4868-B44A-6EC5C5332C7A}.Debug|Any CPU.Build.0 = Debug|Any CPU
		{EC0ABD17-5DF5-4868-B44A-6EC5C5332C7A}.Debug|x64.ActiveCfg = Debug|x64
		{EC0ABD17-5DF5-4868-B44A-6EC5C5332C7A}.Debug|x64.Build.0 = Debug|x64
		{EC0ABD17-5DF5-4868-B44A-6EC5C5332C7A}.Debug|x86.ActiveCfg = Debug|x86
		{EC0ABD17-5DF5-4868-B44A-6EC5C5332C7A}.Debug|x86.Build.0 = Debug|x86
		{EC0ABD17-5DF5-4868-B44A-6EC5C5332C7A}.Release|Any CPU.ActiveCfg = Release|Any CPU
		{EC0ABD17-5DF5-4868-B44A-6EC5C5332C7A}.Release|Any CPU.Build.0 = Release|Any CPU
		{EC0ABD17-5DF5-4868-B44A-6EC5C5332C7A}.Release|x64.ActiveCfg = Release|x64
		{EC0ABD17-5DF5-4868-B44A-6EC5C5332C7A}.Release|x64.Build.0 = Release|x64
		{EC0ABD17-5DF5-4868-B44A-6EC5C5332C7A}.Release|x86.ActiveCfg = Release|x86
		{EC0ABD17-5DF5-4868-B44A-6EC5C5332C7A}.Release|x86.Build.0 = Release|x86
		{0620AFF4-967D-4351-B59F-03C934693B4A}.Debug|Any CPU.ActiveCfg = Debug|Any CPU
		{0620AFF4-967D-4351-B59F-03C934693B4A}.Debug|Any CPU.Build.0 = Debug|Any CPU
		{0620AFF4-967D-4351-B59F-03C934693B4A}.Debug|x64.ActiveCfg = Debug|x64
		{0620AFF4-967D-4351-B59F-03C934693B4A}.Debug|x64.Build.0 = Debug|x64
		{0620AFF4-967D-4351-B59F-03C934693B4A}.Debug|x86.ActiveCfg = Debug|x86
		{0620AFF4-967D-4351-B59F-03C934693B4A}.Debug|x86.Build.0 = Debug|x86
		{0620AFF4-967D-4351-B59F-03C934693B4A}.Release|Any CPU.ActiveCfg = Release|Any CPU
		{0620AFF4-967D-4351-B59F-03C934693B4A}.Release|Any CPU.Build.0 = Release|Any CPU
		{0620AFF4-967D-4351-B59F-03C934693B4A}.Release|x64.ActiveCfg = Release|x64
		{0620AFF4-967D-4351-B59F-03C934693B4A}.Release|x64.Build.0 = Release|x64
		{0620AFF4-967D-4351-B59F-03C934693B4A}.Release|x86.ActiveCfg = Release|x86
		{0620AFF4-967D-4351-B59F-03C934693B4A}.Release|x86.Build.0 = Release|x86
	EndGlobalSection
EndGlobal
